
Microsoft Visual Studio Solution File, Format Version 11.00
# Visual Studio 2010
Project("{FAE04EC0-301F-11D3-BF4B-00C04F79EFBC}") = "Joker Combo Leecher [v1.0]", "Joker Combo Leecher [v1.0]\Joker Combo Leecher [v1.0].csproj", "{1FCBE7B2-4DDE-46A1-A896-0D5E7D693BED}"
EndProject
Global
	GlobalSection(SolutionConfigurationPlatforms) = preSolution
		Debug|Any CPU = Debug|Any CPU
		Release|Any CPU = Release|Any CPU
	EndGlobalSection
	GlobalSection(ProjectConfigurationPlatforms) = postSolution
		{1FCBE7B2-4DDE-46A1-A896-0D5E7D693BED}.Debug|Any CPU.ActiveCfg = Debug|Any CPU
		{1FCBE7B2-4DDE-46A1-A896-0D5E7D693BED}.Debug|Any CPU.Build.0 = Debug|Any CPU
		{1FCBE7B2-4DDE-46A1-A896-0D5E7D693BED}.Release|Any CPU.ActiveCfg = Release|Any CPU
		{1FCBE7B2-4DDE-46A1-A896-0D5E7D693BED}.Release|Any CPU.Build.0 = Release|Any CPU
	EndGlobalSection
	GlobalSection(SolutionProperties) = preSolution
		HideSolutionNode = FALSE
	EndGlobalSection
EndGlobal
